// !$*UTF8*$!
{
	archiveVersion = 1;
	classes = {
	};
	objectVersion = 50;
	objects = {

/* Begin PBXBuildFile section */
		D87B2F3C253DB7100041138B /* AppDelegate.swift in Sources */ = {isa = PBXBuildFile; fileRef = D87B2F3B253DB7100041138B /* AppDelegate.swift */; };
		D87B2F3E253DB7100041138B /* SceneDelegate.swift in Sources */ = {isa = PBXBuildFile; fileRef = D87B2F3D253DB7100041138B /* SceneDelegate.swift */; };
		D87B2F40253DB7100041138B /* ViewController.swift in Sources */ = {isa = PBXBuildFile; fileRef = D87B2F3F253DB7100041138B /* ViewController.swift */; };
		D87B2F43253DB7100041138B /* Main.storyboard in Resources */ = {isa = PBXBuildFile; fileRef = D87B2F41253DB7100041138B /* Main.storyboard */; };
		D87B2F46253DB7100041138B /* CloudKitDemo.xcdatamodeld in Sources */ = {isa = PBXBuildFile; fileRef = D87B2F44253DB7100041138B /* CloudKitDemo.xcdatamodeld */; };
		D87B2F48253DB7120041138B /* Assets.xcassets in Resources */ = {isa = PBXBuildFile; fileRef = D87B2F47253DB7120041138B /* Assets.xcassets */; };
		D87B2F4B253DB7120041138B /* LaunchScreen.storyboard in Resources */ = {isa = PBXBuildFile; fileRef = D87B2F49253DB7120041138B /* LaunchScreen.storyboard */; };
		D87B2F56253DB7120041138B /* CloudKitDemoTests.swift in Sources */ = {isa = PBXBuildFile; fileRef = D87B2F55253DB7120041138B /* CloudKitDemoTests.swift */; };
		D87B2F61253DB7130041138B /* CloudKitDemoUITests.swift in Sources */ = {isa = PBXBuildFile; fileRef = D87B2F60253DB7130041138B /* CloudKitDemoUITests.swift */; };
		D87B2F71253DB8320041138B /* CloudKit.framework in Frameworks */ = {isa = PBXBuildFile; fileRef = D87B2F70253DB8320041138B /* CloudKit.framework */; };
/* End PBXBuildFile section */

/* Begin PBXContainerItemProxy section */
		D87B2F52253DB7120041138B /* PBXContainerItemProxy */ = {
			isa = PBXContainerItemProxy;
			containerPortal = D87B2F30253DB7100041138B /* Project object */;
			proxyType = 1;
			remoteGlobalIDString = D87B2F37253DB7100041138B;
			remoteInfo = CloudKitDemo;
		};
		D87B2F5D253DB7120041138B /* PBXContainerItemProxy */ = {
			isa = PBXContainerItemProxy;
			containerPortal = D87B2F30253DB7100041138B /* Project object */;
			proxyType = 1;
			remoteGlobalIDString = D87B2F37253DB7100041138B;
			remoteInfo = CloudKitDemo;
		};
/* End PBXContainerItemProxy section */

/* Begin PBXFileReference section */
		D87B2F38253DB7100041138B /* CloudKitDemo.app */ = {isa = PBXFileReference; explicitFileType = wrapper.application; includeInIndex = 0; path = CloudKitDemo.app; sourceTree = BUILT_PRODUCTS_DIR; };
		D87B2F3B253DB7100041138B /* AppDelegate.swift */ = {isa = PBXFileReference; lastKnownFileType = sourcecode.swift; path = AppDelegate.swift; sourceTree = "<group>"; };
		D87B2F3D253DB7100041138B /* SceneDelegate.swift */ = {isa = PBXFileReference; lastKnownFileType = sourcecode.swift; path = SceneDelegate.swift; sourceTree = "<group>"; };
		D87B2F3F253DB7100041138B /* ViewController.swift */ = {isa = PBXFileReference; lastKnownFileType = sourcecode.swift; path = ViewController.swift; sourceTree = "<group>"; };
		D87B2F42253DB7100041138B /* Base */ = {isa = PBXFileReference; lastKnownFileType = file.storyboard; name = Base; path = Base.lproj/Main.storyboard; sourceTree = "<group>"; };
		D87B2F45253DB7100041138B /* CloudKitDemo.xcdatamodel */ = {isa = PBXFileReference; lastKnownFileType = wrapper.xcdatamodel; path = CloudKitDemo.xcdatamodel; sourceTree = "<group>"; };
		D87B2F47253DB7120041138B /* Assets.xcassets */ = {isa = PBXFileReference; lastKnownFileType = folder.assetcatalog; path = Assets.xcassets; sourceTree = "<group>"; };
		D87B2F4A253DB7120041138B /* Base */ = {isa = PBXFileReference; lastKnownFileType = file.storyboard; name = Base; path = Base.lproj/LaunchScreen.storyboard; sourceTree = "<group>"; };
		D87B2F4C253DB7120041138B /* Info.plist */ = {isa = PBXFileReference; lastKnownFileType = text.plist.xml; path = Info.plist; sourceTree = "<group>"; };
		D87B2F51253DB7120041138B /* CloudKitDemoTests.xctest */ = {isa = PBXFileReference; explicitFileType = wrapper.cfbundle; includeInIndex = 0; path = CloudKitDemoTests.xctest; sourceTree = BUILT_PRODUCTS_DIR; };
		D87B2F55253DB7120041138B /* CloudKitDemoTests.swift */ = {isa = PBXFileReference; lastKnownFileType = sourcecode.swift; path = CloudKitDemoTests.swift; sourceTree = "<group>"; };
		D87B2F57253DB7120041138B /* Info.plist */ = {isa = PBXFileReference; lastKnownFileType = text.plist.xml; path = Info.plist; sourceTree = "<group>"; };
		D87B2F5C253DB7120041138B /* CloudKitDemoUITests.xctest */ = {isa = PBXFileReference; explicitFileType = wrapper.cfbundle; includeInIndex = 0; path = CloudKitDemoUITests.xctest; sourceTree = BUILT_PRODUCTS_DIR; };
		D87B2F60253DB7130041138B /* CloudKitDemoUITests.swift */ = {isa = PBXFileReference; lastKnownFileType = sourcecode.swift; path = CloudKitDemoUITests.swift; sourceTree = "<group>"; };
		D87B2F62253DB7130041138B /* Info.plist */ = {isa = PBXFileReference; lastKnownFileType = text.plist.xml; path = Info.plist; sourceTree = "<group>"; };
		D87B2F6E253DB82C0041138B /* CloudKitDemo.entitlements */ = {isa = PBXFileReference; lastKnownFileType = text.plist.entitlements; path = CloudKitDemo.entitlements; sourceTree = "<group>"; };
		D87B2F70253DB8320041138B /* CloudKit.framework */ = {isa = PBXFileReference; lastKnownFileType = wrapper.framework; name = CloudKit.framework; path = System/Library/Frameworks/CloudKit.framework; sourceTree = SDKROOT; };
/* End PBXFileReference section */

/* Begin PBXFrameworksBuildPhase section */
		D87B2F35253DB7100041138B /* Frameworks */ = {
			isa = PBXFrameworksBuildPhase;
			buildActionMask = 2147483647;
			files = (
				D87B2F71253DB8320041138B /* CloudKit.framework in Frameworks */,
			);
			runOnlyForDeploymentPostprocessing = 0;
		};
		D87B2F4E253DB7120041138B /* Frameworks */ = {
			isa = PBXFrameworksBuildPhase;
			buildActionMask = 2147483647;
			files = (
			);
			runOnlyForDeploymentPostprocessing = 0;
		};
		D87B2F59253DB7120041138B /* Frameworks */ = {
			isa = PBXFrameworksBuildPhase;
			buildActionMask = 2147483647;
			files = (
			);
			runOnlyForDeploymentPostprocessing = 0;
		};
/* End PBXFrameworksBuildPhase section */

/* Begin PBXGroup section */
		D87B2F2F253DB7100041138B = {
			isa = PBXGroup;
			children = (
				D87B2F3A253DB7100041138B /* CloudKitDemo */,
				D87B2F54253DB7120041138B /* CloudKitDemoTests */,
				D87B2F5F253DB7130041138B /* CloudKitDemoUITests */,
				D87B2F39253DB7100041138B /* Products */,
				D87B2F6F253DB8320041138B /* Frameworks */,
			);
			sourceTree = "<group>";
		};
		D87B2F39253DB7100041138B /* Products */ = {
			isa = PBXGroup;
			children = (
				D87B2F38253DB7100041138B /* CloudKitDemo.app */,
				D87B2F51253DB7120041138B /* CloudKitDemoTests.xctest */,
				D87B2F5C253DB7120041138B /* CloudKitDemoUITests.xctest */,
			);
			name = Products;
			sourceTree = "<group>";
		};
		D87B2F3A253DB7100041138B /* CloudKitDemo */ = {
			isa = PBXGroup;
			children = (
				D87B2F6E253DB82C0041138B /* CloudKitDemo.entitlements */,
				D87B2F3B253DB7100041138B /* AppDelegate.swift */,
				D87B2F3D253DB7100041138B /* SceneDelegate.swift */,
				D87B2F3F253DB7100041138B /* ViewController.swift */,
				D87B2F41253DB7100041138B /* Main.storyboard */,
				D87B2F47253DB7120041138B /* Assets.xcassets */,
				D87B2F49253DB7120041138B /* LaunchScreen.storyboard */,
				D87B2F4C253DB7120041138B /* Info.plist */,
				D87B2F44253DB7100041138B /* CloudKitDemo.xcdatamodeld */,
			);
			path = CloudKitDemo;
			sourceTree = "<group>";
		};
		D87B2F54253DB7120041138B /* CloudKitDemoTests */ = {
			isa = PBXGroup;
			children = (
				D87B2F55253DB7120041138B /* CloudKitDemoTests.swift */,
				D87B2F57253DB7120041138B /* Info.plist */,
			);
			path = CloudKitDemoTests;
			sourceTree = "<group>";
		};
		D87B2F5F253DB7130041138B /* CloudKitDemoUITests */ = {
			isa = PBXGroup;
			children = (
				D87B2F60253DB7130041138B /* CloudKitDemoUITests.swift */,
				D87B2F62253DB7130041138B /* Info.plist */,
			);
			path = CloudKitDemoUITests;
			sourceTree = "<group>";
		};
		D87B2F6F253DB8320041138B /* Frameworks */ = {
			isa = PBXGroup;
			children = (
				D87B2F70253DB8320041138B /* CloudKit.framework */,
			);
			name = Frameworks;
			sourceTree = "<group>";
		};
/* End PBXGroup section */

/* Begin PBXNativeTarget section */
		D87B2F37253DB7100041138B /* CloudKitDemo */ = {
			isa = PBXNativeTarget;
			buildConfigurationList = D87B2F65253DB7130041138B /* Build configuration list for PBXNativeTarget "CloudKitDemo" */;
			buildPhases = (
				D87B2F34253DB7100041138B /* Sources */,
				D87B2F35253DB7100041138B /* Frameworks */,
				D87B2F36253DB7100041138B /* Resources */,
			);
			buildRules = (
			);
			dependencies = (
			);
			name = CloudKitDemo;
			productName = CloudKitDemo;
			productReference = D87B2F38253DB7100041138B /* CloudKitDemo.app */;
			productType = "com.apple.product-type.application";
		};
		D87B2F50253DB7120041138B /* CloudKitDemoTests */ = {
			isa = PBXNativeTarget;
			buildConfigurationList = D87B2F68253DB7130041138B /* Build configuration list for PBXNativeTarget "CloudKitDemoTests" */;
			buildPhases = (
				D87B2F4D253DB7120041138B /* Sources */,
				D87B2F4E253DB7120041138B /* Frameworks */,
				D87B2F4F253DB7120041138B /* Resources */,
			);
			buildRules = (
			);
			dependencies = (
				D87B2F53253DB7120041138B /* PBXTargetDependency */,
			);
			name = CloudKitDemoTests;
			productName = CloudKitDemoTests;
			productReference = D87B2F51253DB7120041138B /* CloudKitDemoTests.xctest */;
			productType = "com.apple.product-type.bundle.unit-test";
		};
		D87B2F5B253DB7120041138B /* CloudKitDemoUITests */ = {
			isa = PBXNativeTarget;
			buildConfigurationList = D87B2F6B253DB7130041138B /* Build configuration list for PBXNativeTarget "CloudKitDemoUITests" */;
			buildPhases = (
				D87B2F58253DB7120041138B /* Sources */,
				D87B2F59253DB7120041138B /* Frameworks */,
				D87B2F5A253DB7120041138B /* Resources */,
			);
			buildRules = (
			);
			dependencies = (
				D87B2F5E253DB7120041138B /* PBXTargetDependency */,
			);
			name = CloudKitDemoUITests;
			productName = CloudKitDemoUITests;
			productReference = D87B2F5C253DB7120041138B /* CloudKitDemoUITests.xctest */;
			productType = "com.apple.product-type.bundle.ui-testing";
		};
/* End PBXNativeTarget section */

/* Begin PBXProject section */
		D87B2F30253DB7100041138B /* Project object */ = {
			isa = PBXProject;
			attributes = {
				LastSwiftUpdateCheck = 1170;
				LastUpgradeCheck = 1170;
				ORGANIZATIONNAME = academy;
				TargetAttributes = {
					D87B2F37253DB7100041138B = {
						CreatedOnToolsVersion = 11.7;
					};
					D87B2F50253DB7120041138B = {
						CreatedOnToolsVersion = 11.7;
						TestTargetID = D87B2F37253DB7100041138B;
					};
					D87B2F5B253DB7120041138B = {
						CreatedOnToolsVersion = 11.7;
						TestTargetID = D87B2F37253DB7100041138B;
					};
				};
			};
			buildConfigurationList = D87B2F33253DB7100041138B /* Build configuration list for PBXProject "CloudKitDemo" */;
			compatibilityVersion = "Xcode 9.3";
			developmentRegion = en;
			hasScannedForEncodings = 0;
			knownRegions = (
				en,
				Base,
			);
			mainGroup = D87B2F2F253DB7100041138B;
			productRefGroup = D87B2F39253DB7100041138B /* Products */;
			projectDirPath = "";
			projectRoot = "";
			targets = (
				D87B2F37253DB7100041138B /* CloudKitDemo */,
				D87B2F50253DB7120041138B /* CloudKitDemoTests */,
				D87B2F5B253DB7120041138B /* CloudKitDemoUITests */,
			);
		};
/* End PBXProject section */

/* Begin PBXResourcesBuildPhase section */
		D87B2F36253DB7100041138B /* Resources */ = {
			isa = PBXResourcesBuildPhase;
			buildActionMask = 2147483647;
			files = (
				D87B2F4B253DB7120041138B /* LaunchScreen.storyboard in Resources */,
				D87B2F48253DB7120041138B /* Assets.xcassets in Resources */,
				D87B2F43253DB7100041138B /* Main.storyboard in Resources */,
			);
			runOnlyForDeploymentPostprocessing = 0;
		};
		D87B2F4F253DB7120041138B /* Resources */ = {
			isa = PBXResourcesBuildPhase;
			buildActionMask = 2147483647;
			files = (
			);
			runOnlyForDeploymentPostprocessing = 0;
		};
		D87B2F5A253DB7120041138B /* Resources */ = {
			isa = PBXResourcesBuildPhase;
			buildActionMask = 2147483647;
			files = (
			);
			runOnlyForDeploymentPostprocessing = 0;
		};
/* End PBXResourcesBuildPhase section */

/* Begin PBXSourcesBuildPhase section */
		D87B2F34253DB7100041138B /* Sources */ = {
			isa = PBXSourcesBuildPhase;
			buildActionMask = 2147483647;
			files = (
				D87B2F40253DB7100041138B /* ViewController.swift in Sources */,
				D87B2F46253DB7100041138B /* CloudKitDemo.xcdatamodeld in Sources */,
				D87B2F3C253DB7100041138B /* AppDelegate.swift in Sources */,
				D87B2F3E253DB7100041138B /* SceneDelegate.swift in Sources */,
			);
			runOnlyForDeploymentPostprocessing = 0;
		};
		D87B2F4D253DB7120041138B /* Sources */ = {
			isa = PBXSourcesBuildPhase;
			buildActionMask = 2147483647;
			files = (
				D87B2F56253DB7120041138B /* CloudKitDemoTests.swift in Sources */,
			);
			runOnlyForDeploymentPostprocessing = 0;
		};
		D87B2F58253DB7120041138B /* Sources */ = {
			isa = PBXSourcesBuildPhase;
			buildActionMask = 2147483647;
			files = (
				D87B2F61253DB7130041138B /* CloudKitDemoUITests.swift in Sources */,
			);
			runOnlyForDeploymentPostprocessing = 0;
		};
/* End PBXSourcesBuildPhase section */

/* Begin PBXTargetDependency section */
		D87B2F53253DB7120041138B /* PBXTargetDependency */ = {
			isa = PBXTargetDependency;
			target = D87B2F37253DB7100041138B /* CloudKitDemo */;
			targetProxy = D87B2F52253DB7120041138B /* PBXContainerItemProxy */;
		};
		D87B2F5E253DB7120041138B /* PBXTargetDependency */ = {
			isa = PBXTargetDependency;
			target = D87B2F37253DB7100041138B /* CloudKitDemo */;
			targetProxy = D87B2F5D253DB7120041138B /* PBXContainerItemProxy */;
		};
/* End PBXTargetDependency section */

/* Begin PBXVariantGroup section */
		D87B2F41253DB7100041138B /* Main.storyboard */ = {
			isa = PBXVariantGroup;
			children = (
				D87B2F42253DB7100041138B /* Base */,
			);
			name = Main.storyboard;
			sourceTree = "<group>";
		};
		D87B2F49253DB7120041138B /* LaunchScreen.storyboard */ = {
			isa = PBXVariantGroup;
			children = (
				D87B2F4A253DB7120041138B /* Base */,
			);
			name = LaunchScreen.storyboard;
			sourceTree = "<group>";
		};
/* End PBXVariantGroup section */

/* Begin XCBuildConfiguration section */
		D87B2F63253DB7130041138B /* Debug */ = {
			isa = XCBuildConfiguration;
			buildSettings = {
				ALWAYS_SEARCH_USER_PATHS = NO;
				CLANG_ANALYZER_NONNULL = YES;
				CLANG_ANALYZER_NUMBER_OBJECT_CONVERSION = YES_AGGRESSIVE;
				CLANG_CXX_LANGUAGE_STANDARD = "gnu++14";
				CLANG_CXX_LIBRARY = "libc++";
				CLANG_ENABLE_MODULES = YES;
				CLANG_ENABLE_OBJC_ARC = YES;
				CLANG_ENABLE_OBJC_WEAK = YES;
				CLANG_WARN_BLOCK_CAPTURE_AUTORELEASING = YES;
				CLANG_WARN_BOOL_CONVERSION = YES;
				CLANG_WARN_COMMA = YES;
				CLANG_WARN_CONSTANT_CONVERSION = YES;
				CLANG_WARN_DEPRECATED_OBJC_IMPLEMENTATIONS = YES;
				CLANG_WARN_DIRECT_OBJC_ISA_USAGE = YES_ERROR;
				CLANG_WARN_DOCUMENTATION_COMMENTS = YES;
				CLANG_WARN_EMPTY_BODY = YES;
				CLANG_WARN_ENUM_CONVERSION = YES;
				CLANG_WARN_INFINITE_RECURSION = YES;
				CLANG_WARN_INT_CONVERSION = YES;
				CLANG_WARN_NON_LITERAL_NULL_CONVERSION = YES;
				CLANG_WARN_OBJC_IMPLICIT_RETAIN_SELF = YES;
				CLANG_WARN_OBJC_LITERAL_CONVERSION = YES;
				CLANG_WARN_OBJC_ROOT_CLASS = YES_ERROR;
				CLANG_WARN_RANGE_LOOP_ANALYSIS = YES;
				CLANG_WARN_STRICT_PROTOTYPES = YES;
				CLANG_WARN_SUSPICIOUS_MOVE = YES;
				CLANG_WARN_UNGUARDED_AVAILABILITY = YES_AGGRESSIVE;
				CLANG_WARN_UNREACHABLE_CODE = YES;
				CLANG_WARN__DUPLICATE_METHOD_MATCH = YES;
				COPY_PHASE_STRIP = NO;
				DEBUG_INFORMATION_FORMAT = dwarf;
				DEVELOPMENT_TEAM = 2V8P924DLJ;
				ENABLE_STRICT_OBJC_MSGSEND = YES;
				ENABLE_TESTABILITY = YES;
				GCC_C_LANGUAGE_STANDARD = gnu11;
				GCC_DYNAMIC_NO_PIC = NO;
				GCC_NO_COMMON_BLOCKS = YES;
				GCC_OPTIMIZATION_LEVEL = 0;
				GCC_PREPROCESSOR_DEFINITIONS = (
					"DEBUG=1",
					"$(inherited)",
				);
				GCC_WARN_64_TO_32_BIT_CONVERSION = YES;
				GCC_WARN_ABOUT_RETURN_TYPE = YES_ERROR;
				GCC_WARN_UNDECLARED_SELECTOR = YES;
				GCC_WARN_UNINITIALIZED_AUTOS = YES_AGGRESSIVE;
				GCC_WARN_UNUSED_FUNCTION = YES;
				GCC_WARN_UNUSED_VARIABLE = YES;
				IPHONEOS_DEPLOYMENT_TARGET = 13.7;
				MTL_ENABLE_DEBUG_INFO = INCLUDE_SOURCE;
				MTL_FAST_MATH = YES;
				ONLY_ACTIVE_ARCH = YES;
				SDKROOT = iphoneos;
				SWIFT_ACTIVE_COMPILATION_CONDITIONS = DEBUG;
				SWIFT_OPTIMIZATION_LEVEL = "-Onone";
			};
			name = Debug;
		};
		D87B2F64253DB7130041138B /* Release */ = {
			isa = XCBuildConfiguration;
			buildSettings = {
				ALWAYS_SEARCH_USER_PATHS = NO;
				CLANG_ANALYZER_NONNULL = YES;
				CLANG_ANALYZER_NUMBER_OBJECT_CONVERSION = YES_AGGRESSIVE;
				CLANG_CXX_LANGUAGE_STANDARD = "gnu++14";
				CLANG_CXX_LIBRARY = "libc++";
				CLANG_ENABLE_MODULES = YES;
				CLANG_ENABLE_OBJC_ARC = YES;
				CLANG_ENABLE_OBJC_WEAK = YES;
				CLANG_WARN_BLOCK_CAPTURE_AUTORELEASING = YES;
				CLANG_WARN_BOOL_CONVERSION = YES;
				CLANG_WARN_COMMA = YES;
				CLANG_WARN_CONSTANT_CONVERSION = YES;
				CLANG_WARN_DEPRECATED_OBJC_IMPLEMENTATIONS = YES;
				CLANG_WARN_DIRECT_OBJC_ISA_USAGE = YES_ERROR;
				CLANG_WARN_DOCUMENTATION_COMMENTS = YES;
				CLANG_WARN_EMPTY_BODY = YES;
				CLANG_WARN_ENUM_CONVERSION = YES;
				CLANG_WARN_INFINITE_RECURSION = YES;
				CLANG_WARN_INT_CONVERSION = YES;
				CLANG_WARN_NON_LITERAL_NULL_CONVERSION = YES;
				CLANG_WARN_OBJC_IMPLICIT_RETAIN_SELF = YES;
				CLANG_WARN_OBJC_LITERAL_CONVERSION = YES;
				CLANG_WARN_OBJC_ROOT_CLASS = YES_ERROR;
				CLANG_WARN_RANGE_LOOP_ANALYSIS = YES;
				CLANG_WARN_STRICT_PROTOTYPES = YES;
				CLANG_WARN_SUSPICIOUS_MOVE = YES;
				CLANG_WARN_UNGUARDED_AVAILABILITY = YES_AGGRESSIVE;
				CLANG_WARN_UNREACHABLE_CODE = YES;
				CLANG_WARN__DUPLICATE_METHOD_MATCH = YES;
				COPY_PHASE_STRIP = NO;
				DEBUG_INFORMATION_FORMAT = "dwarf-with-dsym";
				DEVELOPMENT_TEAM = 2V8P924DLJ;
				ENABLE_NS_ASSERTIONS = NO;
				ENABLE_STRICT_OBJC_MSGSEND = YES;
				GCC_C_LANGUAGE_STANDARD = gnu11;
				GCC_NO_COMMON_BLOCKS = YES;
				GCC_WARN_64_TO_32_BIT_CONVERSION = YES;
				GCC_WARN_ABOUT_RETURN_TYPE = YES_ERROR;
				GCC_WARN_UNDECLARED_SELECTOR = YES;
				GCC_WARN_UNINITIALIZED_AUTOS = YES_AGGRESSIVE;
				GCC_WARN_UNUSED_FUNCTION = YES;
				GCC_WARN_UNUSED_VARIABLE = YES;
				IPHONEOS_DEPLOYMENT_TARGET = 13.7;
				MTL_ENABLE_DEBUG_INFO = NO;
				MTL_FAST_MATH = YES;
				SDKROOT = iphoneos;
				SWIFT_COMPILATION_MODE = wholemodule;
				SWIFT_OPTIMIZATION_LEVEL = "-O";
				VALIDATE_PRODUCT = YES;
			};
			name = Release;
		};
		D87B2F66253DB7130041138B /* Debug */ = {
			isa = XCBuildConfiguration;
			buildSettings = {
				ASSETCATALOG_COMPILER_APPICON_NAME = AppIcon;
				CODE_SIGN_ENTITLEMENTS = CloudKitDemo/CloudKitDemo.entitlements;
				CODE_SIGN_IDENTITY = "Apple Development";
				CODE_SIGN_STYLE = Automatic;
				DEVELOPMENT_TEAM = 2V8P924DLJ;
				INFOPLIST_FILE = CloudKitDemo/Info.plist;
				LD_RUNPATH_SEARCH_PATHS = (
					"$(inherited)",
					"@executable_path/Frameworks",
				);
				PRODUCT_BUNDLE_IDENTIFIER = jessica.CloudKitDemo;
				PRODUCT_NAME = "$(TARGET_NAME)";
				PROVISIONING_PROFILE_SPECIFIER = "";
				SWIFT_VERSION = 5.0;
				TARGETED_DEVICE_FAMILY = "1,2";
			};
			name = Debug;
		};
		D87B2F67253DB7130041138B /* Release */ = {
			isa = XCBuildConfiguration;
			buildSettings = {
				ASSETCATALOG_COMPILER_APPICON_NAME = AppIcon;
				CODE_SIGN_ENTITLEMENTS = CloudKitDemo/CloudKitDemo.entitlements;
				CODE_SIGN_IDENTITY = "Apple Development";
				CODE_SIGN_STYLE = Automatic;
				DEVELOPMENT_TEAM = 2V8P924DLJ;
				INFOPLIST_FILE = CloudKitDemo/Info.plist;
				LD_RUNPATH_SEARCH_PATHS = (
					"$(inherited)",
					"@executable_path/Frameworks",
				);
				PRODUCT_BUNDLE_IDENTIFIER = jessica.CloudKitDemo;
				PRODUCT_NAME = "$(TARGET_NAME)";
				PROVISIONING_PROFILE_SPECIFIER = "";
				SWIFT_VERSION = 5.0;
				TARGETED_DEVICE_FAMILY = "1,2";
			};
			name = Release;
		};
		D87B2F69253DB7130041138B /* Debug */ = {
			isa = XCBuildConfiguration;
			buildSettings = {
				ALWAYS_EMBED_SWIFT_STANDARD_LIBRARIES = YES;
				BUNDLE_LOADER = "$(TEST_HOST)";
				CODE_SIGN_STYLE = Automatic;
				DEVELOPMENT_TEAM = 2V8P924DLJ;
				INFOPLIST_FILE = CloudKitDemoTests/Info.plist;
				IPHONEOS_DEPLOYMENT_TARGET = 13.7;
				LD_RUNPATH_SEARCH_PATHS = (
					"$(inherited)",
					"@executable_path/Frameworks",
					"@loader_path/Frameworks",
				);
				PRODUCT_BUNDLE_IDENTIFIER = academy.CloudKitDemoTests;
				PRODUCT_NAME = "$(TARGET_NAME)";
				SWIFT_VERSION = 5.0;
				TARGETED_DEVICE_FAMILY = "1,2";
				TEST_HOST = "$(BUILT_PRODUCTS_DIR)/CloudKitDemo.app/CloudKitDemo";
			};
			name = Debug;
		};
		D87B2F6A253DB7130041138B /* Release */ = {
			isa = XCBuildConfiguration;
			buildSettings = {
				ALWAYS_EMBED_SWIFT_STANDARD_LIBRARIES = YES;
				BUNDLE_LOADER = "$(TEST_HOST)";
				CODE_SIGN_STYLE = Automatic;
				DEVELOPMENT_TEAM = 2V8P924DLJ;
				INFOPLIST_FILE = CloudKitDemoTests/Info.plist;
				IPHONEOS_DEPLOYMENT_TARGET = 13.7;
				LD_RUNPATH_SEARCH_PATHS = (
					"$(inherited)",
					"@executable_path/Frameworks",
					"@loader_path/Frameworks",
				);
				PRODUCT_BUNDLE_IDENTIFIER = academy.CloudKitDemoTests;
				PRODUCT_NAME = "$(TARGET_NAME)";
				SWIFT_VERSION = 5.0;
				TARGETED_DEVICE_FAMILY = "1,2";
				TEST_HOST = "$(BUILT_PRODUCTS_DIR)/CloudKitDemo.app/CloudKitDemo";
			};
			name = Release;
		};
		D87B2F6C253DB7130041138B /* Debug */ = {
			isa = XCBuildConfiguration;
			buildSettings = {
				ALWAYS_EMBED_SWIFT_STANDARD_LIBRARIES = YES;
				CODE_SIGN_STYLE = Automatic;
				DEVELOPMENT_TEAM = 2V8P924DLJ;
				INFOPLIST_FILE = CloudKitDemoUITests/Info.plist;
				LD_RUNPATH_SEARCH_PATHS = (
					"$(inherited)",
					"@executable_path/Frameworks",
					"@loader_path/Frameworks",
				);
				PRODUCT_BUNDLE_IDENTIFIER = academy.CloudKitDemoUITests;
				PRODUCT_NAME = "$(TARGET_NAME)";
				SWIFT_VERSION = 5.0;
				TARGETED_DEVICE_FAMILY = "1,2";
				TEST_TARGET_NAME = CloudKitDemo;
			};
			name = Debug;
		};
		D87B2F6D253DB7130041138B /* Release */ = {
			isa = XCBuildConfiguration;
			buildSettings = {
				ALWAYS_EMBED_SWIFT_STANDARD_LIBRARIES = YES;
				CODE_SIGN_STYLE = Automatic;
				DEVELOPMENT_TEAM = 2V8P924DLJ;
				INFOPLIST_FILE = CloudKitDemoUITests/Info.plist;
				LD_RUNPATH_SEARCH_PATHS = (
					"$(inherited)",
					"@executable_path/Frameworks",
					"@loader_path/Frameworks",
				);
				PRODUCT_BUNDLE_IDENTIFIER = academy.CloudKitDemoUITests;
				PRODUCT_NAME = "$(TARGET_NAME)";
				SWIFT_VERSION = 5.0;
				TARGETED_DEVICE_FAMILY = "1,2";
				TEST_TARGET_NAME = CloudKitDemo;
			};
			name = Release;
		};
/* End XCBuildConfiguration section */

/* Begin XCConfigurationList section */
		D87B2F33253DB7100041138B /* Build configuration list for PBXProject "CloudKitDemo" */ = {
			isa = XCConfigurationList;
			buildConfigurations = (
				D87B2F63253DB7130041138B /* Debug */,
				D87B2F64253DB7130041138B /* Release */,
			);
			defaultConfigurationIsVisible = 0;
			defaultConfigurationName = Release;
		};
		D87B2F65253DB7130041138B /* Build configuration list for PBXNativeTarget "CloudKitDemo" */ = {
			isa = XCConfigurationList;
			buildConfigurations = (
				D87B2F66253DB7130041138B /* Debug */,
				D87B2F67253DB7130041138B /* Release */,
			);
			defaultConfigurationIsVisible = 0;
			defaultConfigurationName = Release;
		};
		D87B2F68253DB7130041138B /* Build configuration list for PBXNativeTarget "CloudKitDemoTests" */ = {
			isa = XCConfigurationList;
			buildConfigurations = (
				D87B2F69253DB7130041138B /* Debug */,
				D87B2F6A253DB7130041138B /* Release */,
			);
			defaultConfigurationIsVisible = 0;
			defaultConfigurationName = Release;
		};
		D87B2F6B253DB7130041138B /* Build configuration list for PBXNativeTarget "CloudKitDemoUITests" */ = {
			isa = XCConfigurationList;
			buildConfigurations = (
				D87B2F6C253DB7130041138B /* Debug */,
				D87B2F6D253DB7130041138B /* Release */,
			);
			defaultConfigurationIsVisible = 0;
			defaultConfigurationName = Release;
		};
/* End XCConfigurationList section */

/* Begin XCVersionGroup section */
		D87B2F44253DB7100041138B /* CloudKitDemo.xcdatamodeld */ = {
			isa = XCVersionGroup;
			children = (
				D87B2F45253DB7100041138B /* CloudKitDemo.xcdatamodel */,
			);
			currentVersion = D87B2F45253DB7100041138B /* CloudKitDemo.xcdatamodel */;
			path = CloudKitDemo.xcdatamodeld;
			sourceTree = "<group>";
			versionGroupType = wrapper.xcdatamodel;
		};
/* End XCVersionGroup section */
	};
	rootObject = D87B2F30253DB7100041138B /* Project object */;
}
